
Microsoft Visual Studio Solution File, Format Version 12.00
# Visual Studio 15
VisualStudioVersion = 15.0.28306.52
MinimumVisualStudioVersion = 10.0.40219.1
Project("{FAE04EC0-301F-11D3-BF4B-00C04F79EFBC}") = "durable-functions-anti-pattarns", "durable-functions-anti-pattarns\durable-functions-anti-pattarns.csproj", "{1E306E3F-D9A3-4944-9A49-1EC63D60CBDD}"
EndProject
Project("{2150E333-8FDC-42A3-9474-1A3956D46DE8}") = "Solution Items", "Solution Items", "{DA19B89A-7A0D-41FB-9A8E-0BDE476A0B9E}"
	ProjectSection(SolutionItems) = preProject
		README.md = README.md
	EndProjectSection
EndProject
Global
	GlobalSection(SolutionConfigurationPlatforms) = preSolution
		Debug|Any CPU = Debug|Any CPU
		Release|Any CPU = Release|Any CPU
	EndGlobalSection
	GlobalSection(ProjectConfigurationPlatforms) = postSolution
		{1E306E3F-D9A3-4944-9A49-1EC63D60CBDD}.Debug|Any CPU.ActiveCfg = Debug|Any CPU
		{1E306E3F-D9A3-4944-9A49-1EC63D60CBDD}.Debug|Any CPU.Build.0 = Debug|Any CPU
		{1E306E3F-D9A3-4944-9A49-1EC63D60CBDD}.Release|Any CPU.ActiveCfg = Release|Any CPU
		{1E306E3F-D9A3-4944-9A49-1EC63D60CBDD}.Release|Any CPU.Build.0 = Release|Any CPU
	EndGlobalSection
	GlobalSection(SolutionProperties) = preSolution
		HideSolutionNode = FALSE
	EndGlobalSection
	GlobalSection(ExtensibilityGlobals) = postSolution
		SolutionGuid = {02576783-3B8F-413B-A177-4DB9EB338EF2}
	EndGlobalSection
EndGlobal
